
Microsoft Visual Studio Solution File, Format Version 12.00
# Visual Studio 15
VisualStudioVersion = 15.0.27130.2027
MinimumVisualStudioVersion = 10.0.40219.1
Project("{FAE04EC0-301F-11D3-BF4B-00C04F79EFBC}") = "Project Productivity", "Project Productivity\Project Productivity.csproj", "{F5F6ED2E-CE6C-42EA-B3A7-CAB3750C8768}"
EndProject
Global
	GlobalSection(SolutionConfigurationPlatforms) = preSolution
		Debug|Any CPU = Debug|Any CPU
		Release|Any CPU = Release|Any CPU
	EndGlobalSection
	GlobalSection(ProjectConfigurationPlatforms) = postSolution
		{F5F6ED2E-CE6C-42EA-B3A7-CAB3750C8768}.Debug|Any CPU.ActiveCfg = Debug|Any CPU
		{F5F6ED2E-CE6C-42EA-B3A7-CAB3750C8768}.Debug|Any CPU.Build.0 = Debug|Any CPU
		{F5F6ED2E-CE6C-42EA-B3A7-CAB3750C8768}.Release|Any CPU.ActiveCfg = Release|Any CPU
		{F5F6ED2E-CE6C-42EA-B3A7-CAB3750C8768}.Release|Any CPU.Build.0 = Release|Any CPU
	EndGlobalSection
	GlobalSection(SolutionProperties) = preSolution
		HideSolutionNode = FALSE
	EndGlobalSection
	GlobalSection(ExtensibilityGlobals) = postSolution
		SolutionGuid = {8EA171A8-CEC8-4340-9E89-53CD692D9DF9}
	EndGlobalSection
EndGlobal
